
Microsoft Visual Studio Solution File, Format Version 12.00
# Visual Studio Version 17
VisualStudioVersion = 17.6.33815.320
MinimumVisualStudioVersion = 10.0.40219.1
Project("{888888A0-9F3D-457C-B088-3A5042F75D52}") = "LeDucKhanhDuong", "LeDucKhanhDuong\LeDucKhanhDuong.pyproj", "{4A13EAE8-3B89-4290-B0AB-C4066B322842}"
EndProject
Global
	GlobalSection(SolutionConfigurationPlatforms) = preSolution
		Debug|Any CPU = Debug|Any CPU
		Release|Any CPU = Release|Any CPU
	EndGlobalSection
	GlobalSection(ProjectConfigurationPlatforms) = postSolution
		{4A13EAE8-3B89-4290-B0AB-C4066B322842}.Debug|Any CPU.ActiveCfg = Debug|Any CPU
		{4A13EAE8-3B89-4290-B0AB-C4066B322842}.Release|Any CPU.ActiveCfg = Release|Any CPU
	EndGlobalSection
	GlobalSection(SolutionProperties) = preSolution
		HideSolutionNode = FALSE
	EndGlobalSection
	GlobalSection(ExtensibilityGlobals) = postSolution
		SolutionGuid = {E88AB0A6-5D06-4FC0-B372-FB11494AB909}
	EndGlobalSection
EndGlobal
